
Microsoft Visual Studio Solution File, Format Version 12.00
# Visual Studio Version 16
VisualStudioVersion = 16.0.30804.86
MinimumVisualStudioVersion = 10.0.40219.1
Project("{9A19103F-16F7-4668-BE54-9A1E7A4F7556}") = "BuyMeProject", "BuyMeProject\BuyMeProject.csproj", "{2CF5200B-B133-44EE-8595-A9135439D0D8}"
EndProject
Project("{9A19103F-16F7-4668-BE54-9A1E7A4F7556}") = "Common", "Common\Common.csproj", "{D9196916-9862-4074-B024-FE2ADF9A4521}"
EndProject
Project("{FAE04EC0-301F-11D3-BF4B-00C04F79EFBC}") = "DataAccessLayer", "DataAccessLayer\DataAccessLayer.csproj", "{901F2C67-8719-49C1-851D-73270184EE2A}"
EndProject
Global
	GlobalSection(SolutionConfigurationPlatforms) = preSolution
		Debug|Any CPU = Debug|Any CPU
		Release|Any CPU = Release|Any CPU
	EndGlobalSection
	GlobalSection(ProjectConfigurationPlatforms) = postSolution
		{2CF5200B-B133-44EE-8595-A9135439D0D8}.Debug|Any CPU.ActiveCfg = Debug|Any CPU
		{2CF5200B-B133-44EE-8595-A9135439D0D8}.Debug|Any CPU.Build.0 = Debug|Any CPU
		{2CF5200B-B133-44EE-8595-A9135439D0D8}.Release|Any CPU.ActiveCfg = Release|Any CPU
		{2CF5200B-B133-44EE-8595-A9135439D0D8}.Release|Any CPU.Build.0 = Release|Any CPU
		{D9196916-9862-4074-B024-FE2ADF9A4521}.Debug|Any CPU.ActiveCfg = Debug|Any CPU
		{D9196916-9862-4074-B024-FE2ADF9A4521}.Debug|Any CPU.Build.0 = Debug|Any CPU
		{D9196916-9862-4074-B024-FE2ADF9A4521}.Release|Any CPU.ActiveCfg = Release|Any CPU
		{D9196916-9862-4074-B024-FE2ADF9A4521}.Release|Any CPU.Build.0 = Release|Any CPU
		{901F2C67-8719-49C1-851D-73270184EE2A}.Debug|Any CPU.ActiveCfg = Debug|Any CPU
		{901F2C67-8719-49C1-851D-73270184EE2A}.Debug|Any CPU.Build.0 = Debug|Any CPU
		{901F2C67-8719-49C1-851D-73270184EE2A}.Release|Any CPU.ActiveCfg = Release|Any CPU
		{901F2C67-8719-49C1-851D-73270184EE2A}.Release|Any CPU.Build.0 = Release|Any CPU
	EndGlobalSection
	GlobalSection(SolutionProperties) = preSolution
		HideSolutionNode = FALSE
	EndGlobalSection
	GlobalSection(ExtensibilityGlobals) = postSolution
		SolutionGuid = {38B79F52-99C5-40F1-BADA-0D593FA2FC2D}
	EndGlobalSection
EndGlobal
